
Microsoft Visual Studio Solution File, Format Version 12.00
# Visual Studio Version 16
VisualStudioVersion = 16.0.29613.14
MinimumVisualStudioVersion = 10.0.40219.1
Project("{9A19103F-16F7-4668-BE54-9A1E7A4F7556}") = "SantaTalk.Functions", "SantaTalk.Functions\SantaTalk.Functions.csproj", "{653E64FB-8E10-4C28-AEDE-35A14601EE29}"
EndProject
Project("{9A19103F-16F7-4668-BE54-9A1E7A4F7556}") = "SantaTalk.Models", "SantaTalk.Models\SantaTalk.Models.csproj", "{CC08DC29-A3DB-4FA2-A94C-9BAED9CD4666}"
EndProject
Global
	GlobalSection(SolutionConfigurationPlatforms) = preSolution
		Debug|Any CPU = Debug|Any CPU
		Release|Any CPU = Release|Any CPU
	EndGlobalSection
	GlobalSection(ProjectConfigurationPlatforms) = postSolution
		{653E64FB-8E10-4C28-AEDE-35A14601EE29}.Debug|Any CPU.ActiveCfg = Debug|Any CPU
		{653E64FB-8E10-4C28-AEDE-35A14601EE29}.Debug|Any CPU.Build.0 = Debug|Any CPU
		{653E64FB-8E10-4C28-AEDE-35A14601EE29}.Release|Any CPU.ActiveCfg = Release|Any CPU
		{653E64FB-8E10-4C28-AEDE-35A14601EE29}.Release|Any CPU.Build.0 = Release|Any CPU
		{CC08DC29-A3DB-4FA2-A94C-9BAED9CD4666}.Debug|Any CPU.ActiveCfg = Debug|Any CPU
		{CC08DC29-A3DB-4FA2-A94C-9BAED9CD4666}.Debug|Any CPU.Build.0 = Debug|Any CPU
		{CC08DC29-A3DB-4FA2-A94C-9BAED9CD4666}.Release|Any CPU.ActiveCfg = Release|Any CPU
		{CC08DC29-A3DB-4FA2-A94C-9BAED9CD4666}.Release|Any CPU.Build.0 = Release|Any CPU
	EndGlobalSection
	GlobalSection(SolutionProperties) = preSolution
		HideSolutionNode = FALSE
	EndGlobalSection
	GlobalSection(ExtensibilityGlobals) = postSolution
		SolutionGuid = {FBC76E82-E317-49E3-A562-1388446DA4B0}
	EndGlobalSection
EndGlobal
