Microsoft Visual Studio Solution File, Format Version 12.00
# Visual Studio Version 16
VisualStudioVersion = 16.0.29613.14
MinimumVisualStudioVersion = 10.0.40219.1
Project("{9A19103F-16F7-4668-BE54-9A1E7A4F7556}") = "SantaTalk", "SantaTalk\SantaTalk.csproj", "{091675BF-545D-4B21-A77B-F24ABDEAF6AA}"
EndProject
Project("{FAE04EC0-301F-11D3-BF4B-00C04F79EFBC}") = "SantaTalk.Android", "SantaTalk.Android\SantaTalk.Android.csproj", "{9F3CF5B6-BC95-42B0-97A9-6024681F1FC0}"
EndProject
Project("{9A19103F-16F7-4668-BE54-9A1E7A4F7556}") = "SantaTalk.Models", "Functions\SantaTalk.Models\SantaTalk.Models.csproj", "{07CBBC6F-2C49-44FD-B479-90907EC442BA}"
EndProject
Project("{FAE04EC0-301F-11D3-BF4B-00C04F79EFBC}") = "SantaTalk.iOS", "SantaTalk.iOS\SantaTalk.iOS.csproj", "{1A8F4AAD-CF42-44DA-8289-1E100047AE1D}"
EndProject
Project("{FAE04EC0-301F-11D3-BF4B-00C04F79EFBC}") = "SantaTalk.UWP", "SantaTalk.UWP\SantaTalk.UWP.csproj", "{DC4324E0-2B9B-432C-B625-4C8A49648B4F}"
EndProject
Global
	GlobalSection(SolutionConfigurationPlatforms) = preSolution
		Debug|Any CPU = Debug|Any CPU
		Debug|ARM = Debug|ARM
		Debug|ARM64 = Debug|ARM64
		Debug|iPhone = Debug|iPhone
		Debug|iPhoneSimulator = Debug|iPhoneSimulator
		Debug|x64 = Debug|x64
		Debug|x86 = Debug|x86
		Release|Any CPU = Release|Any CPU
		Release|ARM = Release|ARM
		Release|ARM64 = Release|ARM64
		Release|iPhone = Release|iPhone
		Release|iPhoneSimulator = Release|iPhoneSimulator
		Release|x64 = Release|x64
		Release|x86 = Release|x86
	EndGlobalSection
	GlobalSection(ProjectConfigurationPlatforms) = postSolution
		{091675BF-545D-4B21-A77B-F24ABDEAF6AA}.Debug|Any CPU.ActiveCfg = Debug|Any CPU
		{091675BF-545D-4B21-A77B-F24ABDEAF6AA}.Debug|Any CPU.Build.0 = Debug|Any CPU
		{091675BF-545D-4B21-A77B-F24ABDEAF6AA}.Debug|ARM.ActiveCfg = Debug|Any CPU
		{091675BF-545D-4B21-A77B-F24ABDEAF6AA}.Debug|ARM.Build.0 = Debug|Any CPU
		{091675BF-545D-4B21-A77B-F24ABDEAF6AA}.Debug|ARM64.ActiveCfg = Debug|Any CPU
		{091675BF-545D-4B21-A77B-F24ABDEAF6AA}.Debug|ARM64.Build.0 = Debug|Any CPU
		{091675BF-545D-4B21-A77B-F24ABDEAF6AA}.Debug|iPhone.ActiveCfg = Debug|Any CPU
		{091675BF-545D-4B21-A77B-F24ABDEAF6AA}.Debug|iPhone.Build.0 = Debug|Any CPU
		{091675BF-545D-4B21-A77B-F24ABDEAF6AA}.Debug|iPhoneSimulator.ActiveCfg = Debug|Any CPU
		{091675BF-545D-4B21-A77B-F24ABDEAF6AA}.Debug|iPhoneSimulator.Build.0 = Debug|Any CPU
		{091675BF-545D-4B21-A77B-F24ABDEAF6AA}.Debug|x64.ActiveCfg = Debug|Any CPU
		{091675BF-545D-4B21-A77B-F24ABDEAF6AA}.Debug|x64.Build.0 = Debug|Any CPU
		{091675BF-545D-4B21-A77B-F24ABDEAF6AA}.Debug|x86.ActiveCfg = Debug|Any CPU
		{091675BF-545D-4B21-A77B-F24ABDEAF6AA}.Debug|x86.Build.0 = Debug|Any CPU
		{091675BF-545D-4B21-A77B-F24ABDEAF6AA}.Release|Any CPU.ActiveCfg = Release|Any CPU
		{091675BF-545D-4B21-A77B-F24ABDEAF6AA}.Release|Any CPU.Build.0 = Release|Any CPU
		{091675BF-545D-4B21-A77B-F24ABDEAF6AA}.Release|ARM.ActiveCfg = Release|Any CPU
		{091675BF-545D-4B21-A77B-F24ABDEAF6AA}.Release|ARM.Build.0 = Release|Any CPU
		{091675BF-545D-4B21-A77B-F24ABDEAF6AA}.Release|ARM64.ActiveCfg = Release|Any CPU
		{091675BF-545D-4B21-A77B-F24ABDEAF6AA}.Release|ARM64.Build.0 = Release|Any CPU
		{091675BF-545D-4B21-A77B-F24ABDEAF6AA}.Release|iPhone.ActiveCfg = Release|Any CPU
		{091675BF-545D-4B21-A77B-F24ABDEAF6AA}.Release|iPhone.Build.0 = Release|Any CPU
		{091675BF-545D-4B21-A77B-F24ABDEAF6AA}.Release|iPhoneSimulator.ActiveCfg = Release|Any CPU
		{091675BF-545D-4B21-A77B-F24ABDEAF6AA}.Release|iPhoneSimulator.Build.0 = Release|Any CPU
		{091675BF-545D-4B21-A77B-F24ABDEAF6AA}.Release|x64.ActiveCfg = Release|Any CPU
		{091675BF-545D-4B21-A77B-F24ABDEAF6AA}.Release|x64.Build.0 = Release|Any CPU
		{091675BF-545D-4B21-A77B-F24ABDEAF6AA}.Release|x86.ActiveCfg = Release|Any CPU
		{091675BF-545D-4B21-A77B-F24ABDEAF6AA}.Release|x86.Build.0 = Release|Any CPU
		{9F3CF5B6-BC95-42B0-97A9-6024681F1FC0}.Debug|Any CPU.ActiveCfg = Debug|Any CPU
		{9F3CF5B6-BC95-42B0-97A9-6024681F1FC0}.Debug|Any CPU.Build.0 = Debug|Any CPU
		{9F3CF5B6-BC95-42B0-97A9-6024681F1FC0}.Debug|Any CPU.Deploy.0 = Debug|Any CPU
		{9F3CF5B6-BC95-42B0-97A9-6024681F1FC0}.Debug|ARM.ActiveCfg = Debug|Any CPU
		{9F3CF5B6-BC95-42B0-97A9-6024681F1FC0}.Debug|ARM.Build.0 = Debug|Any CPU
		{9F3CF5B6-BC95-42B0-97A9-6024681F1FC0}.Debug|ARM.Deploy.0 = Debug|Any CPU
		{9F3CF5B6-BC95-42B0-97A9-6024681F1FC0}.Debug|ARM64.ActiveCfg = Debug|Any CPU
		{9F3CF5B6-BC95-42B0-97A9-6024681F1FC0}.Debug|ARM64.Build.0 = Debug|Any CPU
		{9F3CF5B6-BC95-42B0-97A9-6024681F1FC0}.Debug|ARM64.Deploy.0 = Debug|Any CPU
		{9F3CF5B6-BC95-42B0-97A9-6024681F1FC0}.Debug|iPhone.ActiveCfg = Debug|Any CPU
		{9F3CF5B6-BC95-42B0-97A9-6024681F1FC0}.Debug|iPhone.Build.0 = Debug|Any CPU
		{9F3CF5B6-BC95-42B0-97A9-6024681F1FC0}.Debug|iPhoneSimulator.ActiveCfg = Debug|Any CPU
		{9F3CF5B6-BC95-42B0-97A9-6024681F1FC0}.Debug|iPhoneSimulator.Build.0 = Debug|Any CPU
		{9F3CF5B6-BC95-42B0-97A9-6024681F1FC0}.Debug|x64.ActiveCfg = Debug|Any CPU
		{9F3CF5B6-BC95-42B0-97A9-6024681F1FC0}.Debug|x64.Build.0 = Debug|Any CPU
		{9F3CF5B6-BC95-42B0-97A9-6024681F1FC0}.Debug|x64.Deploy.0 = Debug|Any CPU
		{9F3CF5B6-BC95-42B0-97A9-6024681F1FC0}.Debug|x86.ActiveCfg = Debug|Any CPU
		{9F3CF5B6-BC95-42B0-97A9-6024681F1FC0}.Debug|x86.Build.0 = Debug|Any CPU
		{9F3CF5B6-BC95-42B0-97A9-6024681F1FC0}.Debug|x86.Deploy.0 = Debug|Any CPU
		{9F3CF5B6-BC95-42B0-97A9-6024681F1FC0}.Release|Any CPU.ActiveCfg = Release|Any CPU
		{9F3CF5B6-BC95-42B0-97A9-6024681F1FC0}.Release|Any CPU.Build.0 = Release|Any CPU
		{9F3CF5B6-BC95-42B0-97A9-6024681F1FC0}.Release|ARM.ActiveCfg = Release|Any CPU
		{9F3CF5B6-BC95-42B0-97A9-6024681F1FC0}.Release|ARM.Build.0 = Release|Any CPU
		{9F3CF5B6-BC95-42B0-97A9-6024681F1FC0}.Release|ARM.Deploy.0 = Release|Any CPU
		{9F3CF5B6-BC95-42B0-97A9-6024681F1FC0}.Release|ARM64.ActiveCfg = Release|Any CPU
		{9F3CF5B6-BC95-42B0-97A9-6024681F1FC0}.Release|ARM64.Build.0 = Release|Any CPU
		{9F3CF5B6-BC95-42B0-97A9-6024681F1FC0}.Release|ARM64.Deploy.0 = Release|Any CPU
		{9F3CF5B6-BC95-42B0-97A9-6024681F1FC0}.Release|iPhone.ActiveCfg = Release|Any CPU
		{9F3CF5B6-BC95-42B0-97A9-6024681F1FC0}.Release|iPhone.Build.0 = Release|Any CPU
		{9F3CF5B6-BC95-42B0-97A9-6024681F1FC0}.Release|iPhoneSimulator.ActiveCfg = Release|Any CPU
		{9F3CF5B6-BC95-42B0-97A9-6024681F1FC0}.Release|iPhoneSimulator.Build.0 = Release|Any CPU
		{9F3CF5B6-BC95-42B0-97A9-6024681F1FC0}.Release|x64.ActiveCfg = Release|Any CPU
		{9F3CF5B6-BC95-42B0-97A9-6024681F1FC0}.Release|x64.Build.0 = Release|Any CPU
		{9F3CF5B6-BC95-42B0-97A9-6024681F1FC0}.Release|x64.Deploy.0 = Release|Any CPU
		{9F3CF5B6-BC95-42B0-97A9-6024681F1FC0}.Release|x86.ActiveCfg = Release|Any CPU
		{9F3CF5B6-BC95-42B0-97A9-6024681F1FC0}.Release|x86.Build.0 = Release|Any CPU
		{9F3CF5B6-BC95-42B0-97A9-6024681F1FC0}.Release|x86.Deploy.0 = Release|Any CPU
		{07CBBC6F-2C49-44FD-B479-90907EC442BA}.Debug|Any CPU.ActiveCfg = Debug|Any CPU
		{07CBBC6F-2C49-44FD-B479-90907EC442BA}.Debug|Any CPU.Build.0 = Debug|Any CPU
		{07CBBC6F-2C49-44FD-B479-90907EC442BA}.Debug|ARM.ActiveCfg = Debug|Any CPU
		{07CBBC6F-2C49-44FD-B479-90907EC442BA}.Debug|ARM.Build.0 = Debug|Any CPU
		{07CBBC6F-2C49-44FD-B479-90907EC442BA}.Debug|ARM64.ActiveCfg = Debug|Any CPU
		{07CBBC6F-2C49-44FD-B479-90907EC442BA}.Debug|ARM64.Build.0 = Debug|Any CPU
		{07CBBC6F-2C49-44FD-B479-90907EC442BA}.Debug|iPhone.ActiveCfg = Debug|Any CPU
		{07CBBC6F-2C49-44FD-B479-90907EC442BA}.Debug|iPhone.Build.0 = Debug|Any CPU
		{07CBBC6F-2C49-44FD-B479-90907EC442BA}.Debug|iPhoneSimulator.ActiveCfg = Debug|Any CPU
		{07CBBC6F-2C49-44FD-B479-90907EC442BA}.Debug|iPhoneSimulator.Build.0 = Debug|Any CPU
		{07CBBC6F-2C49-44FD-B479-90907EC442BA}.Debug|x64.ActiveCfg = Debug|Any CPU
		{07CBBC6F-2C49-44FD-B479-90907EC442BA}.Debug|x64.Build.0 = Debug|Any CPU
		{07CBBC6F-2C49-44FD-B479-90907EC442BA}.Debug|x86.ActiveCfg = Debug|Any CPU
		{07CBBC6F-2C49-44FD-B479-90907EC442BA}.Debug|x86.Build.0 = Debug|Any CPU
		{07CBBC6F-2C49-44FD-B479-90907EC442BA}.Release|Any CPU.ActiveCfg = Release|Any CPU
		{07CBBC6F-2C49-44FD-B479-90907EC442BA}.Release|Any CPU.Build.0 = Release|Any CPU
		{07CBBC6F-2C49-44FD-B479-90907EC442BA}.Release|ARM.ActiveCfg = Release|Any CPU
		{07CBBC6F-2C49-44FD-B479-90907EC442BA}.Release|ARM.Build.0 = Release|Any CPU
		{07CBBC6F-2C49-44FD-B479-90907EC442BA}.Release|ARM64.ActiveCfg = Release|Any CPU
		{07CBBC6F-2C49-44FD-B479-90907EC442BA}.Release|ARM64.Build.0 = Release|Any CPU
		{07CBBC6F-2C49-44FD-B479-90907EC442BA}.Release|iPhone.ActiveCfg = Release|Any CPU
		{07CBBC6F-2C49-44FD-B479-90907EC442BA}.Release|iPhone.Build.0 = Release|Any CPU
		{07CBBC6F-2C49-44FD-B479-90907EC442BA}.Release|iPhoneSimulator.ActiveCfg = Release|Any CPU
		{07CBBC6F-2C49-44FD-B479-90907EC442BA}.Release|iPhoneSimulator.Build.0 = Release|Any CPU
		{07CBBC6F-2C49-44FD-B479-90907EC442BA}.Release|x64.ActiveCfg = Release|Any CPU
		{07CBBC6F-2C49-44FD-B479-90907EC442BA}.Release|x64.Build.0 = Release|Any CPU
		{07CBBC6F-2C49-44FD-B479-90907EC442BA}.Release|x86.ActiveCfg = Release|Any CPU
		{07CBBC6F-2C49-44FD-B479-90907EC442BA}.Release|x86.Build.0 = Release|Any CPU
		{1A8F4AAD-CF42-44DA-8289-1E100047AE1D}.Debug|Any CPU.ActiveCfg = Debug|iPhoneSimulator
		{1A8F4AAD-CF42-44DA-8289-1E100047AE1D}.Debug|Any CPU.Build.0 = Debug|iPhoneSimulator
		{1A8F4AAD-CF42-44DA-8289-1E100047AE1D}.Debug|ARM.ActiveCfg = Debug|iPhone
		{1A8F4AAD-CF42-44DA-8289-1E100047AE1D}.Debug|ARM64.ActiveCfg = Debug|iPhone
		{1A8F4AAD-CF42-44DA-8289-1E100047AE1D}.Debug|iPhone.ActiveCfg = Debug|iPhone
		{1A8F4AAD-CF42-44DA-8289-1E100047AE1D}.Debug|iPhone.Build.0 = Debug|iPhone
		{1A8F4AAD-CF42-44DA-8289-1E100047AE1D}.Debug|iPhoneSimulator.ActiveCfg = Debug|iPhoneSimulator
		{1A8F4AAD-CF42-44DA-8289-1E100047AE1D}.Debug|iPhoneSimulator.Build.0 = Debug|iPhoneSimulator
		{1A8F4AAD-CF42-44DA-8289-1E100047AE1D}.Debug|x64.ActiveCfg = Debug|iPhone
		{1A8F4AAD-CF42-44DA-8289-1E100047AE1D}.Debug|x86.ActiveCfg = Debug|iPhone
		{1A8F4AAD-CF42-44DA-8289-1E100047AE1D}.Release|Any CPU.ActiveCfg = Release|iPhoneSimulator
		{1A8F4AAD-CF42-44DA-8289-1E100047AE1D}.Release|Any CPU.Build.0 = Release|iPhoneSimulator
		{1A8F4AAD-CF42-44DA-8289-1E100047AE1D}.Release|ARM.ActiveCfg = Release|iPhone
		{1A8F4AAD-CF42-44DA-8289-1E100047AE1D}.Release|ARM64.ActiveCfg = Release|iPhone
		{1A8F4AAD-CF42-44DA-8289-1E100047AE1D}.Release|iPhone.ActiveCfg = Release|iPhone
		{1A8F4AAD-CF42-44DA-8289-1E100047AE1D}.Release|iPhone.Build.0 = Release|iPhone
		{1A8F4AAD-CF42-44DA-8289-1E100047AE1D}.Release|iPhoneSimulator.ActiveCfg = Release|iPhoneSimulator
		{1A8F4AAD-CF42-44DA-8289-1E100047AE1D}.Release|iPhoneSimulator.Build.0 = Release|iPhoneSimulator
		{1A8F4AAD-CF42-44DA-8289-1E100047AE1D}.Release|x64.ActiveCfg = Release|iPhone
		{1A8F4AAD-CF42-44DA-8289-1E100047AE1D}.Release|x86.ActiveCfg = Release|iPhone
		{DC4324E0-2B9B-432C-B625-4C8A49648B4F}.Debug|Any CPU.ActiveCfg = Debug|x86
		{DC4324E0-2B9B-432C-B625-4C8A49648B4F}.Debug|Any CPU.Build.0 = Debug|x86
		{DC4324E0-2B9B-432C-B625-4C8A49648B4F}.Debug|Any CPU.Deploy.0 = Debug|x86
		{DC4324E0-2B9B-432C-B625-4C8A49648B4F}.Debug|ARM.ActiveCfg = Debug|ARM
		{DC4324E0-2B9B-432C-B625-4C8A49648B4F}.Debug|ARM.Build.0 = Debug|ARM
		{DC4324E0-2B9B-432C-B625-4C8A49648B4F}.Debug|ARM.Deploy.0 = Debug|ARM
		{DC4324E0-2B9B-432C-B625-4C8A49648B4F}.Debug|ARM64.ActiveCfg = Debug|ARM64
		{DC4324E0-2B9B-432C-B625-4C8A49648B4F}.Debug|ARM64.Build.0 = Debug|ARM64
		{DC4324E0-2B9B-432C-B625-4C8A49648B4F}.Debug|ARM64.Deploy.0 = Debug|ARM64
		{DC4324E0-2B9B-432C-B625-4C8A49648B4F}.Debug|iPhone.ActiveCfg = Debug|x86
		{DC4324E0-2B9B-432C-B625-4C8A49648B4F}.Debug|iPhoneSimulator.ActiveCfg = Debug|x86
		{DC4324E0-2B9B-432C-B625-4C8A49648B4F}.Debug|x64.ActiveCfg = Debug|x64
		{DC4324E0-2B9B-432C-B625-4C8A49648B4F}.Debug|x64.Build.0 = Debug|x64
		{DC4324E0-2B9B-432C-B625-4C8A49648B4F}.Debug|x64.Deploy.0 = Debug|x64
		{DC4324E0-2B9B-432C-B625-4C8A49648B4F}.Debug|x86.ActiveCfg = Debug|x86
		{DC4324E0-2B9B-432C-B625-4C8A49648B4F}.Debug|x86.Build.0 = Debug|x86
		{DC4324E0-2B9B-432C-B625-4C8A49648B4F}.Debug|x86.Deploy.0 = Debug|x86
		{DC4324E0-2B9B-432C-B625-4C8A49648B4F}.Release|Any CPU.ActiveCfg = Release|x86
		{DC4324E0-2B9B-432C-B625-4C8A49648B4F}.Release|ARM.ActiveCfg = Release|ARM
		{DC4324E0-2B9B-432C-B625-4C8A49648B4F}.Release|ARM.Build.0 = Release|ARM
		{DC4324E0-2B9B-432C-B625-4C8A49648B4F}.Release|ARM.Deploy.0 = Release|ARM
		{DC4324E0-2B9B-432C-B625-4C8A49648B4F}.Release|ARM64.ActiveCfg = Release|ARM64
		{DC4324E0-2B9B-432C-B625-4C8A49648B4F}.Release|ARM64.Build.0 = Release|ARM64
		{DC4324E0-2B9B-432C-B625-4C8A49648B4F}.Release|ARM64.Deploy.0 = Release|ARM64
		{DC4324E0-2B9B-432C-B625-4C8A49648B4F}.Release|iPhone.ActiveCfg = Release|x86
		{DC4324E0-2B9B-432C-B625-4C8A49648B4F}.Release|iPhoneSimulator.ActiveCfg = Release|x86
		{DC4324E0-2B9B-432C-B625-4C8A49648B4F}.Release|x64.ActiveCfg = Release|x64
		{DC4324E0-2B9B-432C-B625-4C8A49648B4F}.Release|x64.Build.0 = Release|x64
		{DC4324E0-2B9B-432C-B625-4C8A49648B4F}.Release|x64.Deploy.0 = Release|x64
		{DC4324E0-2B9B-432C-B625-4C8A49648B4F}.Release|x86.ActiveCfg = Release|x86
		{DC4324E0-2B9B-432C-B625-4C8A49648B4F}.Release|x86.Build.0 = Release|x86
		{DC4324E0-2B9B-432C-B625-4C8A49648B4F}.Release|x86.Deploy.0 = Release|x86
	EndGlobalSection
	GlobalSection(SolutionProperties) = preSolution
		HideSolutionNode = FALSE
	EndGlobalSection
	GlobalSection(ExtensibilityGlobals) = postSolution
		SolutionGuid = {C66C87D9-836A-4CB3-BD59-94829F68B2AD}
	EndGlobalSection
EndGlobal
